
Microsoft Visual Studio Solution File, Format Version 12.00
# Visual Studio Version 16
VisualStudioVersion = 16.0.30621.155
MinimumVisualStudioVersion = 10.0.40219.1
Project("{FAE04EC0-301F-11D3-BF4B-00C04F79EFBC}") = "WebApplicationCRUD", "WebApplicationCRUD.csproj", "{01A4A27C-4484-45EE-ABA2-E445C4BE504B}"
EndProject
Global
	GlobalSection(SolutionConfigurationPlatforms) = preSolution
		Debug|Any CPU = Debug|Any CPU
		Release|Any CPU = Release|Any CPU
	EndGlobalSection
	GlobalSection(ProjectConfigurationPlatforms) = postSolution
		{01A4A27C-4484-45EE-ABA2-E445C4BE504B}.Debug|Any CPU.ActiveCfg = Debug|Any CPU
		{01A4A27C-4484-45EE-ABA2-E445C4BE504B}.Debug|Any CPU.Build.0 = Debug|Any CPU
		{01A4A27C-4484-45EE-ABA2-E445C4BE504B}.Release|Any CPU.ActiveCfg = Release|Any CPU
		{01A4A27C-4484-45EE-ABA2-E445C4BE504B}.Release|Any CPU.Build.0 = Release|Any CPU
	EndGlobalSection
	GlobalSection(SolutionProperties) = preSolution
		HideSolutionNode = FALSE
	EndGlobalSection
	GlobalSection(ExtensibilityGlobals) = postSolution
		SolutionGuid = {90920EA8-D556-41B9-B6B3-F81D5E9E2872}
	EndGlobalSection
EndGlobal
